
Microsoft Visual Studio Solution File, Format Version 12.00
# Visual Studio Version 17
VisualStudioVersion = 17.10.35013.160
MinimumVisualStudioVersion = 10.0.40219.1
Project("{FAE04EC0-301F-11D3-BF4B-00C04F79EFBC}") = "Candidates_Project", "Candidates_Project\Candidates_Project.csproj", "{BECC6917-FA7C-4C2C-B623-2A4340888CA0}"
EndProject
Project("{FAE04EC0-301F-11D3-BF4B-00C04F79EFBC}") = "CandidateUI", "CandidateUI\CandidateUI.csproj", "{873AA17C-6ECA-4779-9648-72B0A5D1646C}"
EndProject
Global
	GlobalSection(SolutionConfigurationPlatforms) = preSolution
		Debug|Any CPU = Debug|Any CPU
		Release|Any CPU = Release|Any CPU
	EndGlobalSection
	GlobalSection(ProjectConfigurationPlatforms) = postSolution
		{BECC6917-FA7C-4C2C-B623-2A4340888CA0}.Debug|Any CPU.ActiveCfg = Debug|Any CPU
		{BECC6917-FA7C-4C2C-B623-2A4340888CA0}.Debug|Any CPU.Build.0 = Debug|Any CPU
		{BECC6917-FA7C-4C2C-B623-2A4340888CA0}.Release|Any CPU.ActiveCfg = Release|Any CPU
		{BECC6917-FA7C-4C2C-B623-2A4340888CA0}.Release|Any CPU.Build.0 = Release|Any CPU
		{873AA17C-6ECA-4779-9648-72B0A5D1646C}.Debug|Any CPU.ActiveCfg = Debug|Any CPU
		{873AA17C-6ECA-4779-9648-72B0A5D1646C}.Debug|Any CPU.Build.0 = Debug|Any CPU
		{873AA17C-6ECA-4779-9648-72B0A5D1646C}.Release|Any CPU.ActiveCfg = Release|Any CPU
		{873AA17C-6ECA-4779-9648-72B0A5D1646C}.Release|Any CPU.Build.0 = Release|Any CPU
	EndGlobalSection
	GlobalSection(SolutionProperties) = preSolution
		HideSolutionNode = FALSE
	EndGlobalSection
	GlobalSection(ExtensibilityGlobals) = postSolution
		SolutionGuid = {6A2F2590-5448-4804-8193-2645B252410A}
	EndGlobalSection
EndGlobal
